
Microsoft Visual Studio Solution File, Format Version 12.00
# Visual Studio 14
VisualStudioVersion = 14.0.25420.1
MinimumVisualStudioVersion = 10.0.40219.1
Project("{FAE04EC0-301F-11D3-BF4B-00C04F79EFBC}") = "final.1", "final.1\final.1.csproj", "{7C851FDB-715A-489D-8CCF-254D86A2DAC2}"
EndProject
Global
	GlobalSection(SolutionConfigurationPlatforms) = preSolution
		Debug|Any CPU = Debug|Any CPU
		Release|Any CPU = Release|Any CPU
	EndGlobalSection
	GlobalSection(ProjectConfigurationPlatforms) = postSolution
		{7C851FDB-715A-489D-8CCF-254D86A2DAC2}.Debug|Any CPU.ActiveCfg = Debug|Any CPU
		{7C851FDB-715A-489D-8CCF-254D86A2DAC2}.Debug|Any CPU.Build.0 = Debug|Any CPU
		{7C851FDB-715A-489D-8CCF-254D86A2DAC2}.Release|Any CPU.ActiveCfg = Release|Any CPU
		{7C851FDB-715A-489D-8CCF-254D86A2DAC2}.Release|Any CPU.Build.0 = Release|Any CPU
	EndGlobalSection
	GlobalSection(SolutionProperties) = preSolution
		HideSolutionNode = FALSE
	EndGlobalSection
EndGlobal
