
Microsoft Visual Studio Solution File, Format Version 12.00
# Visual Studio 14
VisualStudioVersion = 14.0.25420.1
MinimumVisualStudioVersion = 10.0.40219.1
Project("{FAE04EC0-301F-11D3-BF4B-00C04F79EFBC}") = "W2T3", "W2T3\W2T3.csproj", "{E51CB263-1CA6-4E43-B2D2-CB8F3ABCE31F}"
EndProject
Global
	GlobalSection(SolutionConfigurationPlatforms) = preSolution
		Debug|Any CPU = Debug|Any CPU
		Release|Any CPU = Release|Any CPU
	EndGlobalSection
	GlobalSection(ProjectConfigurationPlatforms) = postSolution
		{E51CB263-1CA6-4E43-B2D2-CB8F3ABCE31F}.Debug|Any CPU.ActiveCfg = Debug|Any CPU
		{E51CB263-1CA6-4E43-B2D2-CB8F3ABCE31F}.Debug|Any CPU.Build.0 = Debug|Any CPU
		{E51CB263-1CA6-4E43-B2D2-CB8F3ABCE31F}.Release|Any CPU.ActiveCfg = Release|Any CPU
		{E51CB263-1CA6-4E43-B2D2-CB8F3ABCE31F}.Release|Any CPU.Build.0 = Release|Any CPU
	EndGlobalSection
	GlobalSection(SolutionProperties) = preSolution
		HideSolutionNode = FALSE
	EndGlobalSection
EndGlobal
